
Microsoft Visual Studio Solution File, Format Version 12.00
# Visual Studio Version 16
VisualStudioVersion = 16.0.32126.315
MinimumVisualStudioVersion = 10.0.40219.1
Project("{9A19103F-16F7-4668-BE54-9A1E7A4F7556}") = "Tetris", "Tetris\Tetris.csproj", "{9F0E3DAD-0886-4924-9E61-ADF5F5CB4E82}"
EndProject
Project("{FAE04EC0-301F-11D3-BF4B-00C04F79EFBC}") = "BL", "BL\BL.csproj", "{13DE3274-851C-4341-B6C0-667536A469E5}"
EndProject
Project("{FAE04EC0-301F-11D3-BF4B-00C04F79EFBC}") = "Entities", "Entities\Entities.csproj", "{DFFB37E2-FE4C-4F92-9170-D47D8E997581}"
EndProject
Project("{FAE04EC0-301F-11D3-BF4B-00C04F79EFBC}") = "Interfaces", "Interfaces\Interfaces.csproj", "{04CB6D5B-5F77-44E5-A941-AE1357156203}"
	ProjectSection(ProjectDependencies) = postProject
		{DFFB37E2-FE4C-4F92-9170-D47D8E997581} = {DFFB37E2-FE4C-4F92-9170-D47D8E997581}
	EndProjectSection
EndProject
Project("{FAE04EC0-301F-11D3-BF4B-00C04F79EFBC}") = "DAL", "DAL\DAL.csproj", "{2E38E006-5F62-4D18-8A88-F3BC246B8505}"
EndProject
Project("{FAE04EC0-301F-11D3-BF4B-00C04F79EFBC}") = "ORMDal", "ORMDal\ORMDal.csproj", "{A0D960FC-5226-4E7D-9716-A3C0A482AF8A}"
EndProject
Project("{2150E333-8FDC-42A3-9474-1A3956D46DE8}") = "Solution Items", "Solution Items", "{3ABF778E-1E3F-4B9A-9029-1E534490794D}"
	ProjectSection(SolutionItems) = preProject
		script.sql = script.sql
	EndProjectSection
EndProject
Global
	GlobalSection(SolutionConfigurationPlatforms) = preSolution
		Debug|Any CPU = Debug|Any CPU
		Release|Any CPU = Release|Any CPU
	EndGlobalSection
	GlobalSection(ProjectConfigurationPlatforms) = postSolution
		{9F0E3DAD-0886-4924-9E61-ADF5F5CB4E82}.Debug|Any CPU.ActiveCfg = Debug|Any CPU
		{9F0E3DAD-0886-4924-9E61-ADF5F5CB4E82}.Debug|Any CPU.Build.0 = Debug|Any CPU
		{9F0E3DAD-0886-4924-9E61-ADF5F5CB4E82}.Release|Any CPU.ActiveCfg = Release|Any CPU
		{9F0E3DAD-0886-4924-9E61-ADF5F5CB4E82}.Release|Any CPU.Build.0 = Release|Any CPU
		{13DE3274-851C-4341-B6C0-667536A469E5}.Debug|Any CPU.ActiveCfg = Debug|Any CPU
		{13DE3274-851C-4341-B6C0-667536A469E5}.Debug|Any CPU.Build.0 = Debug|Any CPU
		{13DE3274-851C-4341-B6C0-667536A469E5}.Release|Any CPU.ActiveCfg = Release|Any CPU
		{13DE3274-851C-4341-B6C0-667536A469E5}.Release|Any CPU.Build.0 = Release|Any CPU
		{DFFB37E2-FE4C-4F92-9170-D47D8E997581}.Debug|Any CPU.ActiveCfg = Debug|Any CPU
		{DFFB37E2-FE4C-4F92-9170-D47D8E997581}.Debug|Any CPU.Build.0 = Debug|Any CPU
		{DFFB37E2-FE4C-4F92-9170-D47D8E997581}.Release|Any CPU.ActiveCfg = Release|Any CPU
		{DFFB37E2-FE4C-4F92-9170-D47D8E997581}.Release|Any CPU.Build.0 = Release|Any CPU
		{04CB6D5B-5F77-44E5-A941-AE1357156203}.Debug|Any CPU.ActiveCfg = Debug|Any CPU
		{04CB6D5B-5F77-44E5-A941-AE1357156203}.Debug|Any CPU.Build.0 = Debug|Any CPU
		{04CB6D5B-5F77-44E5-A941-AE1357156203}.Release|Any CPU.ActiveCfg = Release|Any CPU
		{04CB6D5B-5F77-44E5-A941-AE1357156203}.Release|Any CPU.Build.0 = Release|Any CPU
		{2E38E006-5F62-4D18-8A88-F3BC246B8505}.Debug|Any CPU.ActiveCfg = Debug|Any CPU
		{2E38E006-5F62-4D18-8A88-F3BC246B8505}.Debug|Any CPU.Build.0 = Debug|Any CPU
		{2E38E006-5F62-4D18-8A88-F3BC246B8505}.Release|Any CPU.ActiveCfg = Release|Any CPU
		{2E38E006-5F62-4D18-8A88-F3BC246B8505}.Release|Any CPU.Build.0 = Release|Any CPU
		{A0D960FC-5226-4E7D-9716-A3C0A482AF8A}.Debug|Any CPU.ActiveCfg = Debug|Any CPU
		{A0D960FC-5226-4E7D-9716-A3C0A482AF8A}.Debug|Any CPU.Build.0 = Debug|Any CPU
		{A0D960FC-5226-4E7D-9716-A3C0A482AF8A}.Release|Any CPU.ActiveCfg = Release|Any CPU
		{A0D960FC-5226-4E7D-9716-A3C0A482AF8A}.Release|Any CPU.Build.0 = Release|Any CPU
	EndGlobalSection
	GlobalSection(SolutionProperties) = preSolution
		HideSolutionNode = FALSE
	EndGlobalSection
	GlobalSection(ExtensibilityGlobals) = postSolution
		SolutionGuid = {D40727D6-1839-4C99-BB5D-513CE5E87451}
	EndGlobalSection
EndGlobal
